
Microsoft Visual Studio Solution File, Format Version 12.00
# Visual Studio 14
VisualStudioVersion = 14.0.25420.1
MinimumVisualStudioVersion = 10.0.40219.1
Project("{FAE04EC0-301F-11D3-BF4B-00C04F79EFBC}") = "AzureRest", "AzureRest\AzureRest.csproj", "{C627E69A-588F-467F-AD6D-BB21F786B8AD}"
EndProject
Project("{FAE04EC0-301F-11D3-BF4B-00C04F79EFBC}") = "MongoDBLayer", "MongoDBLayer\MongoDBLayer.csproj", "{E074A961-76E5-4F76-821C-220CC12AA137}"
EndProject
Project("{FAE04EC0-301F-11D3-BF4B-00C04F79EFBC}") = "AzureRest.Models", "AzureRest.Models\AzureRest.Models.csproj", "{1A9C6A42-1E42-40D0-9762-138C26B66E26}"
EndProject
Global
	GlobalSection(SolutionConfigurationPlatforms) = preSolution
		Debug|Any CPU = Debug|Any CPU
		Release|Any CPU = Release|Any CPU
	EndGlobalSection
	GlobalSection(ProjectConfigurationPlatforms) = postSolution
		{C627E69A-588F-467F-AD6D-BB21F786B8AD}.Debug|Any CPU.ActiveCfg = Debug|Any CPU
		{C627E69A-588F-467F-AD6D-BB21F786B8AD}.Debug|Any CPU.Build.0 = Debug|Any CPU
		{C627E69A-588F-467F-AD6D-BB21F786B8AD}.Release|Any CPU.ActiveCfg = Release|Any CPU
		{C627E69A-588F-467F-AD6D-BB21F786B8AD}.Release|Any CPU.Build.0 = Release|Any CPU
		{E074A961-76E5-4F76-821C-220CC12AA137}.Debug|Any CPU.ActiveCfg = Debug|Any CPU
		{E074A961-76E5-4F76-821C-220CC12AA137}.Debug|Any CPU.Build.0 = Debug|Any CPU
		{E074A961-76E5-4F76-821C-220CC12AA137}.Release|Any CPU.ActiveCfg = Release|Any CPU
		{E074A961-76E5-4F76-821C-220CC12AA137}.Release|Any CPU.Build.0 = Release|Any CPU
		{1A9C6A42-1E42-40D0-9762-138C26B66E26}.Debug|Any CPU.ActiveCfg = Debug|Any CPU
		{1A9C6A42-1E42-40D0-9762-138C26B66E26}.Debug|Any CPU.Build.0 = Debug|Any CPU
		{1A9C6A42-1E42-40D0-9762-138C26B66E26}.Release|Any CPU.ActiveCfg = Release|Any CPU
		{1A9C6A42-1E42-40D0-9762-138C26B66E26}.Release|Any CPU.Build.0 = Release|Any CPU
	EndGlobalSection
	GlobalSection(SolutionProperties) = preSolution
		HideSolutionNode = FALSE
	EndGlobalSection
EndGlobal
